
Microsoft Visual Studio Solution File, Format Version 12.00
# Visual Studio Version 17
VisualStudioVersion = 17.9.34728.123
MinimumVisualStudioVersion = 10.0.40219.1
Project("{8BC9CEB8-8B4A-11D0-8D11-00A0C91BC942}") = "glfwVisualStudioSetup", "glfwVisualStudioSetup\glfwVisualStudioSetup.vcxproj", "{B3089939-DFA1-4558-ADFA-EEE78A6FFDC8}"
EndProject
Global
	GlobalSection(SolutionConfigurationPlatforms) = preSolution
		Debug|x64 = Debug|x64
		Debug|x86 = Debug|x86
		Release|x64 = Release|x64
		Release|x86 = Release|x86
	EndGlobalSection
	GlobalSection(ProjectConfigurationPlatforms) = postSolution
		{B3089939-DFA1-4558-ADFA-EEE78A6FFDC8}.Debug|x64.ActiveCfg = Debug|x64
		{B3089939-DFA1-4558-ADFA-EEE78A6FFDC8}.Debug|x64.Build.0 = Debug|x64
		{B3089939-DFA1-4558-ADFA-EEE78A6FFDC8}.Debug|x86.ActiveCfg = Debug|Win32
		{B3089939-DFA1-4558-ADFA-EEE78A6FFDC8}.Debug|x86.Build.0 = Debug|Win32
		{B3089939-DFA1-4558-ADFA-EEE78A6FFDC8}.Release|x64.ActiveCfg = Release|x64
		{B3089939-DFA1-4558-ADFA-EEE78A6FFDC8}.Release|x64.Build.0 = Release|x64
		{B3089939-DFA1-4558-ADFA-EEE78A6FFDC8}.Release|x86.ActiveCfg = Release|Win32
		{B3089939-DFA1-4558-ADFA-EEE78A6FFDC8}.Release|x86.Build.0 = Release|Win32
	EndGlobalSection
	GlobalSection(SolutionProperties) = preSolution
		HideSolutionNode = FALSE
	EndGlobalSection
	GlobalSection(ExtensibilityGlobals) = postSolution
		SolutionGuid = {5F3F22D8-3C50-43EA-8DCC-F1FB43FBCC79}
	EndGlobalSection
EndGlobal
